{
  "nodes": {
    "devenv": {
      "locked": {
        "dir": "src/modules",
        "lastModified": 1774880920,
        "narHash": "sha256-VPLBe2ES5agAANNZKDNaBQE/socnjBeEr2zloVcJHKk=",
        "owner": "cachix",
        "repo": "devenv",
        "rev": "f333c713e692b687a9ed7cc38ea5738cac67d38a",
        "type": "github"
      },
      "original": {
        "dir": "src/modules",
        "owner": "cachix",
        "repo": "devenv",
        "type": "github"
      }
    },
    "nixpkgs": {
      "inputs": {
        "nixpkgs-src": "nixpkgs-src"
      },
      "locked": {
        "lastModified": 1774287239,
        "narHash": "sha256-W3krsWcDwYuA3gPWsFA24YAXxOFUL6iIlT6IknAoNSE=",
        "owner": "cachix",
        "repo": "devenv-nixpkgs",
        "rev": "fa7125ea7f1ae5430010a6e071f68375a39bd24c",
        "type": "github"
      },
      "original": {
        "owner": "cachix",
        "ref": "rolling",
        "repo": "devenv-nixpkgs",
        "type": "github"
      }
    },
    "nixpkgs-src": {
      "flake": false,
      "locked": {
        "lastModified": 1773840656,
        "narHash": "sha256-9tpvMGFteZnd3gRQZFlRCohVpqooygFuy9yjuyRL2C0=",
        "owner": "NixOS",
        "repo": "nixpkgs",
        "rev": "9cf7092bdd603554bd8b63c216e8943cf9b12512",
        "type": "github"
      },
      "original": {
        "owner": "NixOS",
        "ref": "nixpkgs-unstable",
        "repo": "nixpkgs",
        "type": "github"
      }
    },
    "nixpkgs-stable": {
      "locked": {
        "lastModified": 1768649915,
        "narHash": "sha256-jc21hKogFnxU7KXSVTRmxC7u5D4RHwm9BAvDf5/Z1Uo=",
        "owner": "nixos",
        "repo": "nixpkgs",
        "rev": "3e3f3c7f9977dc123c23ee21e8085ed63daf8c37",
        "type": "github"
      },
      "original": {
        "owner": "nixos",
        "ref": "release-25.05",
        "repo": "nixpkgs",
        "type": "github"
      }
    },
    "nixpkgs-unstable": {
      "locked": {
        "lastModified": 1774794121,
        "narHash": "sha256-gih24b728CK8twDNU7VX9vVYK2tLEXvy9gm/GKq2VeE=",
        "owner": "nixos",
        "repo": "nixpkgs",
        "rev": "c397ef6af68c018462d786e1b65384abc472a907",
        "type": "github"
      },
      "original": {
        "owner": "nixos",
        "ref": "nixpkgs-unstable",
        "repo": "nixpkgs",
        "type": "github"
      }
    },
    "root": {
      "inputs": {
        "devenv": "devenv",
        "nixpkgs": "nixpkgs",
        "nixpkgs-stable": "nixpkgs-stable",
        "nixpkgs-unstable": "nixpkgs-unstable"
      }
    }
  },
  "root": "root",
  "version": 7
}