{
  "lockfileVersion": 3,
  "name": "gsmlg-app-backend",
  "packages": {
    "": {
      "name": "gsmlg-app-backend",
      "version": "1.0.0",
      "workspaces": [
        "apps/*"
      ]
    },
    "apps/gsmlg_app_admin_web": {
      "dependencies": {
        "@duskmoon-dev/core": "^1.20.4",
        "@duskmoon-dev/el-base": "1.9.1",
        "@duskmoon-dev/el-markdown": "^1.9.1",
        "phoenix": "file:../../deps/phoenix",
        "phoenix_duskmoon": "file:../../deps/phoenix_duskmoon",
        "phoenix_html": "file:../../deps/phoenix_html",
        "phoenix_live_view": "file:../../deps/phoenix_live_view"
      },
      "devDependencies": {
        "@tailwindcss/typography": "^0.5.20"
      },
      "name": "gsmlg-admin-web",
      "version": "0.1.0"
    },
    "apps/gsmlg_app_web": {
      "dependencies": {
        "@duskmoon-dev/core": "^1.20.4",
        "phoenix_html": "file:../../deps/phoenix_html"
      },
      "devDependencies": {
        "@tailwindcss/typography": "^0.5.20"
      },
      "name": "gsmlg-web",
      "version": "1.0.0"
    },
    "node_modules/@duskmoon-dev/core": {
      "integrity": "sha512-F9sxZpbN555tfXI+PybRkWWG2HT9vVXxlHiX8BkRgcQRa8IMQpGdFMZOUrFfw/i8wkxRDp0hmu1TCgqF/R0EdA==",
      "resolved": "https://registry.npmjs.org/@duskmoon-dev/core/-/core-1.20.4.tgz",
      "version": "1.20.4"
    },
    "node_modules/@duskmoon-dev/el-base": {
      "integrity": "sha512-RvJIBYpHEXeeCY/NY7eEGVIADdu4toTGcMJZl5YvamK04Doso3uDIohy3DXNov2o5ya5Ns7zi9oLohP1tqL3jg==",
      "resolved": "https://registry.npmjs.org/@duskmoon-dev/el-base/-/el-base-1.9.1.tgz",
      "version": "1.9.1"
    },
    "node_modules/@duskmoon-dev/el-markdown": {
      "dependencies": {
        "@duskmoon-dev/core": "1.20.3",
        "@duskmoon-dev/el-base": "1.9.1",
        "dompurify": "^3.4.16",
        "highlight.js": "11.12.0",
        "marked": "18.0.10",
        "marked-highlight": "2.2.4"
      },
      "integrity": "sha512-lyRyy7nwLx0m5CZUkSOwDRI9Xge14YE+SL2PZblyvP/qNSwI/FlCEq+DvVdYlOSIu2wEFrJYyCv7QlIrsluWGw==",
      "resolved": "https://registry.npmjs.org/@duskmoon-dev/el-markdown/-/el-markdown-1.9.1.tgz",
      "version": "1.9.1"
    },
    "node_modules/@duskmoon-dev/el-markdown/node_modules/@duskmoon-dev/core": {
      "integrity": "sha512-79d2aNKCCRqfAeLDqIDhv+sGPcRI/ZULJkgqzMKxt7HVY1o2cyY4DHPm4QuQNJtD/RSF6Ri5x4hOr5zsiGEfWg==",
      "resolved": "https://registry.npmjs.org/@duskmoon-dev/core/-/core-1.20.3.tgz",
      "version": "1.20.3"
    },
    "node_modules/@tailwindcss/typography": {
      "dependencies": {
        "postcss-selector-parser": "6.0.10"
      },
      "integrity": "sha512-hwbzQuNUfcPvbegQFatVPl/MY/tcM9KLl963hQ5laJKPh81TEZ1+dNG9PirGvcaDBkp+BCshExAyKVPW91dozw==",
      "resolved": "https://registry.npmjs.org/@tailwindcss/typography/-/typography-0.5.20.tgz",
      "version": "0.5.20"
    },
    "node_modules/@types/trusted-types": {
      "integrity": "sha512-ScaPdn1dQczgbl0QFTeTOmVHFULt394XJgOQNoyVhZ6r2vLnMLJfBPd53SB52T/3G36VI1/g2MZaX0cwDuXsfw==",
      "resolved": "https://registry.npmjs.org/@types/trusted-types/-/trusted-types-2.0.7.tgz",
      "version": "2.0.7"
    },
    "node_modules/cssesc": {
      "integrity": "sha512-/Tb/JcjK111nNScGob5MNtsntNM1aCNUDipB/TkwZFhyDrrE47SOx/18wF2bbjgc3ZzCSKW1T5nt5EbFoAz/Vg==",
      "resolved": "https://registry.npmjs.org/cssesc/-/cssesc-3.0.0.tgz",
      "version": "3.0.0"
    },
    "node_modules/dompurify": {
      "integrity": "sha512-sqo+pNp3qRhCIpbgRi1y8Tgk27Bo2Ry7w0dC1NBeNTdZChWjz9Xb/KOoZbRP/R6pQZ80Qw8YhXw13hWWBbMRnQ==",
      "optionalDependencies": {
        "@types/trusted-types": "^2.0.7"
      },
      "resolved": "https://registry.npmjs.org/dompurify/-/dompurify-3.4.16.tgz",
      "version": "3.4.16"
    },
    "node_modules/gsmlg-admin-web": {
      "link": true,
      "resolved": "apps/gsmlg_app_admin_web"
    },
    "node_modules/gsmlg-web": {
      "link": true,
      "resolved": "apps/gsmlg_app_web"
    },
    "node_modules/highlight.js": {
      "integrity": "sha512-nbfWpyRMcMrPMmDwJB+dhX/eiaPKtc2RB+0QZskqJ3WjRA/FDS0e9hZrx8EC/lbEv8gXy98FcDbNa/dspAaJMg==",
      "resolved": "https://registry.npmjs.org/highlight.js/-/highlight.js-11.12.0.tgz",
      "version": "11.12.0"
    },
    "node_modules/marked": {
      "integrity": "sha512-FJeH4bRpYoXiggcgriCGItKCSv3xkngJc4QCZ/rkQCogU3VYaLxYJoZl8Nw/b4+x7iij/pd+09mZ6A1dXzpL0A==",
      "resolved": "https://registry.npmjs.org/marked/-/marked-18.0.10.tgz",
      "version": "18.0.10"
    },
    "node_modules/marked-highlight": {
      "integrity": "sha512-PZxisNMJDduSjc0q6uvjsnqqHCXc9s0eyzxDO9sB1eNGJnd/H1/Fu+z6g/liC1dfJdFW4SftMwMlLvsBhUPrqQ==",
      "resolved": "https://registry.npmjs.org/marked-highlight/-/marked-highlight-2.2.4.tgz",
      "version": "2.2.4"
    },
    "node_modules/postcss-selector-parser": {
      "dependencies": {
        "cssesc": "^3.0.0",
        "util-deprecate": "^1.0.2"
      },
      "integrity": "sha512-IQ7TZdoaqbT+LCpShg46jnZVlhWD2w6iQYAcYXfHARZ7X1t/UGhhceQDs5X0cGqKvYlHNOuv7Oa1xmb0oQuA3w==",
      "resolved": "https://registry.npmjs.org/postcss-selector-parser/-/postcss-selector-parser-6.0.10.tgz",
      "version": "6.0.10"
    },
    "node_modules/util-deprecate": {
      "integrity": "sha512-EPD5q1uXyFxJpCrLnCc1nHnq3gOa6DZBocAIiI2TaSCA7VCJ1UJDMagCzIkXNsUYfD1daK//LTEQ8xiIbrHtcw==",
      "resolved": "https://registry.npmjs.org/util-deprecate/-/util-deprecate-1.0.2.tgz",
      "version": "1.0.2"
    }
  },
  "requires": true,
  "version": "1.0.0",
  "x-npm-ex": {
    "policy": {
      "allow_registry_redirects": false,
      "allowed_registries": [
        "https://registry.npmjs.org"
      ],
      "block_exotic_subdeps": true,
      "exotic_deps": []
    }
  }
}
